
Microsoft Visual Studio Solution File, Format Version 12.00
# Visual Studio Version 17
VisualStudioVersion = 17.14.37111.16 d17.14
MinimumVisualStudioVersion = 10.0.40219.1
Project("{FAE04EC0-301F-11D3-BF4B-00C04F79EFBC}") = "ForzaRGB", "ForzaRGB.csproj", "{6717AD20-5FF9-4DD8-92D6-2878E73F963B}"
EndProject
Global
	GlobalSection(SolutionConfigurationPlatforms) = preSolution
		Debug|Any CPU = Debug|Any CPU
		Release|Any CPU = Release|Any CPU
	EndGlobalSection
	GlobalSection(ProjectConfigurationPlatforms) = postSolution
		{6717AD20-5FF9-4DD8-92D6-2878E73F963B}.Debug|Any CPU.ActiveCfg = Debug|Any CPU
		{6717AD20-5FF9-4DD8-92D6-2878E73F963B}.Debug|Any CPU.Build.0 = Debug|Any CPU
		{6717AD20-5FF9-4DD8-92D6-2878E73F963B}.Release|Any CPU.ActiveCfg = Release|Any CPU
		{6717AD20-5FF9-4DD8-92D6-2878E73F963B}.Release|Any CPU.Build.0 = Release|Any CPU
	EndGlobalSection
	GlobalSection(SolutionProperties) = preSolution
		HideSolutionNode = FALSE
	EndGlobalSection
	GlobalSection(ExtensibilityGlobals) = postSolution
		SolutionGuid = {7D1F1936-0292-49D1-A7C1-E4243A06AB94}
	EndGlobalSection
EndGlobal
